
Microsoft Visual Studio Solution File, Format Version 12.00
# Visual Studio 15
VisualStudioVersion = 15.0.26228.9
MinimumVisualStudioVersion = 10.0.40219.1
Project("{FAE04EC0-301F-11D3-BF4B-00C04F79EFBC}") = "Common", "Common\Common.csproj", "{A58362FB-D19F-44AB-B100-7A2EC7B49D37}"
EndProject
Project("{FAE04EC0-301F-11D3-BF4B-00C04F79EFBC}") = "DAL", "DAL\DAL.csproj", "{8201B371-518A-44FB-9C83-706BE55D76CC}"
EndProject
Project("{FAE04EC0-301F-11D3-BF4B-00C04F79EFBC}") = "WebUI", "WebUI\WebUI.csproj", "{820881E7-CC81-4072-B3AF-F03F2779F0A2}"
EndProject
Global
	GlobalSection(SolutionConfigurationPlatforms) = preSolution
		Debug|Any CPU = Debug|Any CPU
		Release|Any CPU = Release|Any CPU
	EndGlobalSection
	GlobalSection(ProjectConfigurationPlatforms) = postSolution
		{A58362FB-D19F-44AB-B100-7A2EC7B49D37}.Debug|Any CPU.ActiveCfg = Debug|Any CPU
		{A58362FB-D19F-44AB-B100-7A2EC7B49D37}.Debug|Any CPU.Build.0 = Debug|Any CPU
		{A58362FB-D19F-44AB-B100-7A2EC7B49D37}.Release|Any CPU.ActiveCfg = Release|Any CPU
		{A58362FB-D19F-44AB-B100-7A2EC7B49D37}.Release|Any CPU.Build.0 = Release|Any CPU
		{8201B371-518A-44FB-9C83-706BE55D76CC}.Debug|Any CPU.ActiveCfg = Debug|Any CPU
		{8201B371-518A-44FB-9C83-706BE55D76CC}.Debug|Any CPU.Build.0 = Debug|Any CPU
		{8201B371-518A-44FB-9C83-706BE55D76CC}.Release|Any CPU.ActiveCfg = Release|Any CPU
		{8201B371-518A-44FB-9C83-706BE55D76CC}.Release|Any CPU.Build.0 = Release|Any CPU
		{820881E7-CC81-4072-B3AF-F03F2779F0A2}.Debug|Any CPU.ActiveCfg = Debug|Any CPU
		{820881E7-CC81-4072-B3AF-F03F2779F0A2}.Debug|Any CPU.Build.0 = Debug|Any CPU
		{820881E7-CC81-4072-B3AF-F03F2779F0A2}.Release|Any CPU.ActiveCfg = Release|Any CPU
		{820881E7-CC81-4072-B3AF-F03F2779F0A2}.Release|Any CPU.Build.0 = Release|Any CPU
	EndGlobalSection
	GlobalSection(SolutionProperties) = preSolution
		HideSolutionNode = FALSE
	EndGlobalSection
EndGlobal
